{
  "name": "lixo-jobs",
  "version": "1.0.0",
  "lockfileVersion": 3,
  "requires": true,
  "packages": {
    "": {
      "name": "lixo-jobs",
      "version": "1.0.0",
      "dependencies": {
        "p-retry": "^6.2.1",
        "nodemailer": "^6.9.0",
        "google-ads-api": "^16.0.0"
      },
      "devDependencies": {
        "@types/node": "^20.0.0",
        "ts-node": "^10.9.2",
        "typescript": "^5.4.0",
        "@types/nodemailer": "^6.4.0"
      }
    },
    "node_modules/p-retry": {
      "version": "6.2.1",
      "resolved": "https://registry.npmjs.org/p-retry/-/p-retry-6.2.1.tgz",
      "integrity": "sha512-mUhXJbFYCHLw1iLDVCAVVbxmRHPwJF6nDvpEjCQRpP6f0crgWjqWbL5Ibt6yJ7RdmjFbYXA5sVJj+l1YF1SN9g==",
      "engines": {
        "node": ">=18"
      },
      "dependencies": {
        "retry": "^0.13.1"
      }
    },
    "node_modules/retry": {
      "version": "0.13.1",
      "resolved": "https://registry.npmjs.org/retry/-/retry-0.13.1.tgz",
      "integrity": "sha512-XPJLJM3J8fySaBBOvqU5gl6GvNwwX1euVn7xvPggyP2D30HTBgoTaMc7JUVcVyUUOA5dNp5ZiZv0LqgzqLWGcg==",
      "engines": {
        "node": ">= 4"
      }
    },
    "node_modules/nodemailer": {
      "version": "6.9.7",
      "resolved": "https://registry.npmjs.org/nodemailer/-/nodemailer-6.9.7.tgz",
      "integrity": "sha512-rHxdn2wUt/yJJ3XlJf/XzVQKXPO1y2/bgqPG1p/Zx8T1NjvQWXDpQWrQ7aQP8CXQR7VHSmhOGLp9W8a0cSMfQ==",
      "engines": {
        "node": ">=6.0.0"
      }
    },
    "node_modules/google-ads-api": {
      "version": "16.0.0",
      "resolved": "https://registry.npmjs.org/google-ads-api/-/google-ads-api-16.0.0.tgz",
      "integrity": "sha512-Bq9qYn1wqGQQnWk7GjQvyxpLWfQ3KPuFsKGVr7k8sSxPNvQ5Qb1lm2RvEdD5YxlWsWzKq1sMvQzlpG3pzTXg==",
      "engines": {
        "node": ">=12"
      }
    },
    "node_modules/@types/node": {
      "version": "20.10.6",
      "resolved": "https://registry.npmjs.org/@types/node/-/node-20.10.6.tgz",
      "integrity": "sha512-Vac8H+NlRNNlAmDfGUP7PFqUvSTAWGmCbrNiMwZLSJjlnHWr/5lrHW2NQ27BgLTe5ibXx15l+KSArr83ZP1Iew==",
      "dev": true
    },
    "node_modules/ts-node": {
      "version": "10.9.2",
      "resolved": "https://registry.npmjs.org/ts-node/-/ts-node-10.9.2.tgz",
      "integrity": "sha512-UeVbo1Z4/NzrRpVAU9xNxoKSRDCDLrA7DcWwx3nVenFFJ52mVsgLIB3l8n+/gZQE3hsxF47t3+lawHpScYQPA==",
      "dev": true,
      "dependencies": {
        "@tsconfig/node16": "^1.0.4"
      }
    },
    "node_modules/typescript": {
      "version": "5.4.5",
      "resolved": "https://registry.npmjs.org/typescript/-/typescript-5.4.5.tgz",
      "integrity": "sha512-vcI4sSikT0LMKSXtLYsKN0Q/+xTtfcWmhrOXpNjo3jZAEwzGUifBriVaUVW9qSExNq8OwMmOJmwuqVjyQsSAww==",
      "dev": true,
      "bin": {
        "tsc": "bin/tsc",
        "tsserver": "bin/tsserver"
      }
    },
    "node_modules/@types/nodemailer": {
      "version": "6.4.14",
      "resolved": "https://registry.npmjs.org/@types/nodemailer/-/nodemailer-6.4.14.tgz",
      "integrity": "sha512-yfozuWdh60V6aJqPBPm0xpC9WD7P4pv8YGgZPFDBjy5GBrX/r5PiNJxsWN8vYKDVGPFJvSDVDIQ8HEfKKKSCfA==",
      "dev": true,
      "dependencies": {
        "@types/node": "*"
      }
    }
  }
}
